
Microsoft Visual Studio Solution File, Format Version 12.00
# Visual Studio 15
VisualStudioVersion = 15.0.27130.2026
MinimumVisualStudioVersion = 10.0.40219.1
Project("{2150E333-8FDC-42A3-9474-1A3956D46DE8}") = "Integration", "Integration", "{A401CCDB-D58F-4277-9B9B-C5642F10F1E7}"
EndProject
Project("{FAE04EC0-301F-11D3-BF4B-00C04F79EFBC}") = "EasyMoolah.Console", "EasyMoolah.Console\EasyMoolah.Console.csproj", "{5F300E99-644F-4D24-AB4D-B5B7576E9197}"
EndProject
Project("{00D1A9C2-B5F0-4AF3-8072-F6C62B433612}") = "EasyMoolah.Database", "EasyMoolah.Database\EasyMoolah.Database.sqlproj", "{893FD5CD-DC01-4BD8-956C-B888AFAE2E17}"
EndProject
Project("{9A19103F-16F7-4668-BE54-9A1E7A4F7556}") = "EasyMoolah.Repository", "EasyMoolah.Repository\EasyMoolah.Repository.csproj", "{1AF64BE1-524C-47E0-B15E-ED13DD7C812C}"
EndProject
Project("{9A19103F-16F7-4668-BE54-9A1E7A4F7556}") = "EasyMoolah.Model", "EasyMoolah.Model\EasyMoolah.Model.csproj", "{F15C1B14-65FB-4792-865B-BAA026E3A369}"
EndProject
Project("{9A19103F-16F7-4668-BE54-9A1E7A4F7556}") = "EasyMoolah.Contracts", "EasyMoolah.Contracts\EasyMoolah.Contracts.csproj", "{86EB8FBA-1081-42B1-80E4-1874CA092893}"
EndProject
Project("{FAE04EC0-301F-11D3-BF4B-00C04F79EFBC}") = "EasyMoolah.Domain", "EasyMoolah.Domain\EasyMoolah.Domain.csproj", "{5E36960E-E86D-4D46-A5ED-E89EC941B5AF}"
EndProject
Global
	GlobalSection(SolutionConfigurationPlatforms) = preSolution
		Debug|Any CPU = Debug|Any CPU
		Release|Any CPU = Release|Any CPU
	EndGlobalSection
	GlobalSection(ProjectConfigurationPlatforms) = postSolution
		{5F300E99-644F-4D24-AB4D-B5B7576E9197}.Debug|Any CPU.ActiveCfg = Debug|Any CPU
		{5F300E99-644F-4D24-AB4D-B5B7576E9197}.Debug|Any CPU.Build.0 = Debug|Any CPU
		{5F300E99-644F-4D24-AB4D-B5B7576E9197}.Release|Any CPU.ActiveCfg = Release|Any CPU
		{5F300E99-644F-4D24-AB4D-B5B7576E9197}.Release|Any CPU.Build.0 = Release|Any CPU
		{893FD5CD-DC01-4BD8-956C-B888AFAE2E17}.Debug|Any CPU.ActiveCfg = Debug|Any CPU
		{893FD5CD-DC01-4BD8-956C-B888AFAE2E17}.Debug|Any CPU.Build.0 = Debug|Any CPU
		{893FD5CD-DC01-4BD8-956C-B888AFAE2E17}.Debug|Any CPU.Deploy.0 = Debug|Any CPU
		{893FD5CD-DC01-4BD8-956C-B888AFAE2E17}.Release|Any CPU.ActiveCfg = Release|Any CPU
		{893FD5CD-DC01-4BD8-956C-B888AFAE2E17}.Release|Any CPU.Build.0 = Release|Any CPU
		{893FD5CD-DC01-4BD8-956C-B888AFAE2E17}.Release|Any CPU.Deploy.0 = Release|Any CPU
		{1AF64BE1-524C-47E0-B15E-ED13DD7C812C}.Debug|Any CPU.ActiveCfg = Debug|Any CPU
		{1AF64BE1-524C-47E0-B15E-ED13DD7C812C}.Debug|Any CPU.Build.0 = Debug|Any CPU
		{1AF64BE1-524C-47E0-B15E-ED13DD7C812C}.Release|Any CPU.ActiveCfg = Release|Any CPU
		{1AF64BE1-524C-47E0-B15E-ED13DD7C812C}.Release|Any CPU.Build.0 = Release|Any CPU
		{F15C1B14-65FB-4792-865B-BAA026E3A369}.Debug|Any CPU.ActiveCfg = Debug|Any CPU
		{F15C1B14-65FB-4792-865B-BAA026E3A369}.Debug|Any CPU.Build.0 = Debug|Any CPU
		{F15C1B14-65FB-4792-865B-BAA026E3A369}.Release|Any CPU.ActiveCfg = Release|Any CPU
		{F15C1B14-65FB-4792-865B-BAA026E3A369}.Release|Any CPU.Build.0 = Release|Any CPU
		{86EB8FBA-1081-42B1-80E4-1874CA092893}.Debug|Any CPU.ActiveCfg = Debug|Any CPU
		{86EB8FBA-1081-42B1-80E4-1874CA092893}.Debug|Any CPU.Build.0 = Debug|Any CPU
		{86EB8FBA-1081-42B1-80E4-1874CA092893}.Release|Any CPU.ActiveCfg = Release|Any CPU
		{86EB8FBA-1081-42B1-80E4-1874CA092893}.Release|Any CPU.Build.0 = Release|Any CPU
		{5E36960E-E86D-4D46-A5ED-E89EC941B5AF}.Debug|Any CPU.ActiveCfg = Debug|Any CPU
		{5E36960E-E86D-4D46-A5ED-E89EC941B5AF}.Debug|Any CPU.Build.0 = Debug|Any CPU
		{5E36960E-E86D-4D46-A5ED-E89EC941B5AF}.Release|Any CPU.ActiveCfg = Release|Any CPU
		{5E36960E-E86D-4D46-A5ED-E89EC941B5AF}.Release|Any CPU.Build.0 = Release|Any CPU
	EndGlobalSection
	GlobalSection(SolutionProperties) = preSolution
		HideSolutionNode = FALSE
	EndGlobalSection
	GlobalSection(ExtensibilityGlobals) = postSolution
		SolutionGuid = {C5306896-328A-42B3-B179-5952C5089269}
	EndGlobalSection
EndGlobal
